
Microsoft Visual Studio Solution File, Format Version 12.00
# Visual Studio Version 17
VisualStudioVersion = 17.14.36811.4 d17.14
MinimumVisualStudioVersion = 10.0.40219.1
Project("{FAE04EC0-301F-11D3-BF4B-00C04F79EFBC}") = "VLOGusick", "VLOGusick\VLOGusick.csproj", "{31C2FAD4-2107-4755-8FD8-DA3FAA14E587}"
EndProject
Global
	GlobalSection(SolutionConfigurationPlatforms) = preSolution
		Debug|Any CPU = Debug|Any CPU
		Release|Any CPU = Release|Any CPU
	EndGlobalSection
	GlobalSection(ProjectConfigurationPlatforms) = postSolution
		{31C2FAD4-2107-4755-8FD8-DA3FAA14E587}.Debug|Any CPU.ActiveCfg = Debug|Any CPU
		{31C2FAD4-2107-4755-8FD8-DA3FAA14E587}.Debug|Any CPU.Build.0 = Debug|Any CPU
		{31C2FAD4-2107-4755-8FD8-DA3FAA14E587}.Release|Any CPU.ActiveCfg = Release|Any CPU
		{31C2FAD4-2107-4755-8FD8-DA3FAA14E587}.Release|Any CPU.Build.0 = Release|Any CPU
	EndGlobalSection
	GlobalSection(SolutionProperties) = preSolution
		HideSolutionNode = FALSE
	EndGlobalSection
	GlobalSection(ExtensibilityGlobals) = postSolution
		SolutionGuid = {F5A4D9FB-C008-4FA2-8256-08C0CE54213F}
	EndGlobalSection
EndGlobal
